<?xml version="1.0" encoding="utf-8"?>
<Project ToolsVersion="4.0" xmlns="http://schemas.microsoft.com/developer/msbuild/2003">
  <ItemGroup>
    <ClCompile Include="main.cpp" />
    <ClCompile Include="model\VehicleDetail.cpp">
      <Filter>Model</Filter>
    </ClCompile>
    <ClCompile Include="Controller\Alpr\AlprAdapter.cpp">
      <Filter>Controller\Alpr</Filter>
    </ClCompile>
    <ClCompile Include="Controller\Alpr\FrameGenerator.cpp">
      <Filter>Controller\Alpr</Filter>
    </ClCompile>
    <ClCompile Include="Controller\Alpr\OpenCvAdapter.cpp">
      <Filter>Controller\Alpr</Filter>
    </ClCompile>
    <ClCompile Include="Controller\Handler\VehicleDetailHandler.cpp">
      <Filter>Controller\Handler</Filter>
    </ClCompile>
    <ClCompile Include="Controller\Network\NetworkManager.cpp">
      <Filter>Controller\Network</Filter>
    </ClCompile>
    <ClCompile Include="Controller\Network\VehicleCache.cpp">
      <Filter>Controller\Network</Filter>
    </ClCompile>
    <ClCompile Include="View\LoginWindow.cpp">
      <Filter>View</Filter>
    </ClCompile>
    <ClCompile Include="View\MainWindow.cpp">
      <Filter>View</Filter>
    </ClCompile>
    <ClCompile Include="View\RecentPlateWidget.cpp">
      <Filter>View</Filter>
    </ClCompile>
    <ClCompile Include="View\VehicleDetailDialog.cpp">
      <Filter>View</Filter>
    </ClCompile>
    <ClCompile Include="Controller\QueryLogger.cpp">
      <Filter>Controller</Filter>
    </ClCompile>
    <ClCompile Include="Controller\Handler\DuplicateQueryResultChecker.cpp">
      <Filter>Controller\Handler</Filter>
    </ClCompile>
  </ItemGroup>
  <ItemGroup>
    <QtMoc Include="Controller\Alpr\AlprAdapter.h">
      <Filter>Controller\Alpr</Filter>
    </QtMoc>
    <QtMoc Include="View\LoginWindow.h">
      <Filter>View</Filter>
    </QtMoc>
    <QtMoc Include="View\MainWindow.h">
      <Filter>View</Filter>
    </QtMoc>
    <QtMoc Include="View\RecentPlateWidget.h">
      <Filter>View</Filter>
    </QtMoc>
    <QtMoc Include="Controller\Network\NetworkManager.h">
      <Filter>Controller\Network</Filter>
    </QtMoc>
    <QtMoc Include="Controller\Handler\VehicleDetailHandler.h">
      <Filter>Controller\Handler</Filter>
    </QtMoc>
    <QtMoc Include="Controller\Alpr\FrameGenerator.h">
      <Filter>Controller\Alpr</Filter>
    </QtMoc>
    <QtMoc Include="Controller\Alpr\OpenCvAdapter.h">
      <Filter>Controller\Alpr</Filter>
    </QtMoc>
    <QtMoc Include="View\VehicleDetailDialog.h">
      <Filter>View</Filter>
    </QtMoc>
  </ItemGroup>
  <ItemGroup>
    <QtRcc Include="AlprClientApp.qrc" />
  </ItemGroup>
  <ItemGroup>
    <QtUic Include="AlprClientApp.ui" />
    <QtUic Include="LoginWindow.ui" />
    <QtUic Include="VehicleDetailDialog.ui" />
  </ItemGroup>
  <ItemGroup>
    <Filter Include="Assets">
      <UniqueIdentifier>{a55f3154-6744-4182-b295-3d69fde794b4}</UniqueIdentifier>
    </Filter>
    <Filter Include="Assets\Images">
      <UniqueIdentifier>{57c46807-3a1d-49e9-9047-2500e48d95d0}</UniqueIdentifier>
    </Filter>
    <Filter Include="Model">
      <UniqueIdentifier>{fb2753a0-2b8e-44bf-82e7-a5622e9ee286}</UniqueIdentifier>
    </Filter>
    <Filter Include="View">
      <UniqueIdentifier>{bdc81167-c2e4-493a-ba06-393ac63bbaca}</UniqueIdentifier>
    </Filter>
    <Filter Include="Controller">
      <UniqueIdentifier>{d4cc1f5d-a7ce-40f6-b2ba-7e61e1d91f05}</UniqueIdentifier>
    </Filter>
    <Filter Include="Controller\Handler">
      <UniqueIdentifier>{832d91ce-0536-4f5a-826d-7be0d7fe4366}</UniqueIdentifier>
    </Filter>
    <Filter Include="Controller\Network">
      <UniqueIdentifier>{2c2cf8ba-80b7-48c8-b261-4dca2bb34f38}</UniqueIdentifier>
    </Filter>
    <Filter Include="Controller\Alpr">
      <UniqueIdentifier>{efb38d63-b9f3-429e-b154-827b212d8e96}</UniqueIdentifier>
    </Filter>
  </ItemGroup>
  <ItemGroup>
    <ClInclude Include="model\VehicleDetail.h">
      <Filter>Model</Filter>
    </ClInclude>
    <ClInclude Include="Controller\Network\VehicleCache.h">
      <Filter>Controller\Network</Filter>
    </ClInclude>
    <ClInclude Include="Controller\QueryLogger.h">
      <Filter>Controller</Filter>
    </ClInclude>
    <ClInclude Include="Controller\Handler\DuplicateQueryResultChecker.h">
      <Filter>Controller\Handler</Filter>
    </ClInclude>
  </ItemGroup>
  <ItemGroup>
    <Image Include="assets\images\alertLicensePlate.png">
      <Filter>Assets\Images</Filter>
    </Image>
    <Image Include="assets\images\openButton.png">
      <Filter>Assets\Images</Filter>
    </Image>
    <Image Include="assets\images\openButtonDisabled.png">
      <Filter>Assets\Images</Filter>
    </Image>
    <Image Include="assets\images\openButtonHover.png">
      <Filter>Assets\Images</Filter>
    </Image>
    <Image Include="assets\images\openButtonPressed.png">
      <Filter>Assets\Images</Filter>
    </Image>
    <Image Include="assets\images\pauseButton.png">
      <Filter>Assets\Images</Filter>
    </Image>
    <Image Include="assets\images\pauseButtonDisabled.png">
      <Filter>Assets\Images</Filter>
    </Image>
    <Image Include="assets\images\pauseButtonHover.png">
      <Filter>Assets\Images</Filter>
    </Image>
    <Image Include="assets\images\pauseButtonPressed.png">
      <Filter>Assets\Images</Filter>
    </Image>
    <Image Include="assets\images\playButton.png">
      <Filter>Assets\Images</Filter>
    </Image>
    <Image Include="assets\images\playButtonDisabled.png">
      <Filter>Assets\Images</Filter>
    </Image>
    <Image Include="assets\images\playButtonHover.png">
      <Filter>Assets\Images</Filter>
    </Image>
    <Image Include="assets\images\playButtonPressed.png">
      <Filter>Assets\Images</Filter>
    </Image>
    <Image Include="assets\images\powerButton.png">
      <Filter>Assets\Images</Filter>
    </Image>
    <Image Include="assets\images\redButton.png">
      <Filter>Assets\Images</Filter>
    </Image>
    <Image Include="assets\images\stopButton.png">
      <Filter>Assets\Images</Filter>
    </Image>
    <Image Include="assets\images\stopButtonDisabled.png">
      <Filter>Assets\Images</Filter>
    </Image>
    <Image Include="assets\images\stopButtonHover.png">
      <Filter>Assets\Images</Filter>
    </Image>
    <Image Include="assets\images\stopButtonPressed.png">
      <Filter>Assets\Images</Filter>
    </Image>
    <Image Include="assets\images\greenButton.png">
      <Filter>Assets\Images</Filter>
    </Image>
  </ItemGroup>
</Project>